
Microsoft Visual Studio Solution File, Format Version 12.00
# Visual Studio Version 17
VisualStudioVersion = 17.11.35327.3
MinimumVisualStudioVersion = 10.0.40219.1
Project("{9A19103F-16F7-4668-BE54-9A1E7A4F7556}") = "ChmuryProj.Api", "ChmuryProj.Api\ChmuryProj.Api.csproj", "{FCD1D75E-0BE5-4B67-9E5D-86BDE1EF1629}"
EndProject
Project("{9A19103F-16F7-4668-BE54-9A1E7A4F7556}") = "ChmuryProj.Web", "ChmuryProj.Web\ChmuryProj.Web.csproj", "{2B713F87-F6EC-4B0B-89EC-C416769F6324}"
EndProject
Global
	GlobalSection(SolutionConfigurationPlatforms) = preSolution
		Debug|Any CPU = Debug|Any CPU
		Release|Any CPU = Release|Any CPU
	EndGlobalSection
	GlobalSection(ProjectConfigurationPlatforms) = postSolution
		{FCD1D75E-0BE5-4B67-9E5D-86BDE1EF1629}.Debug|Any CPU.ActiveCfg = Debug|Any CPU
		{FCD1D75E-0BE5-4B67-9E5D-86BDE1EF1629}.Debug|Any CPU.Build.0 = Debug|Any CPU
		{FCD1D75E-0BE5-4B67-9E5D-86BDE1EF1629}.Release|Any CPU.ActiveCfg = Release|Any CPU
		{FCD1D75E-0BE5-4B67-9E5D-86BDE1EF1629}.Release|Any CPU.Build.0 = Release|Any CPU
		{2B713F87-F6EC-4B0B-89EC-C416769F6324}.Debug|Any CPU.ActiveCfg = Debug|Any CPU
		{2B713F87-F6EC-4B0B-89EC-C416769F6324}.Debug|Any CPU.Build.0 = Debug|Any CPU
		{2B713F87-F6EC-4B0B-89EC-C416769F6324}.Release|Any CPU.ActiveCfg = Release|Any CPU
		{2B713F87-F6EC-4B0B-89EC-C416769F6324}.Release|Any CPU.Build.0 = Release|Any CPU
	EndGlobalSection
	GlobalSection(SolutionProperties) = preSolution
		HideSolutionNode = FALSE
	EndGlobalSection
	GlobalSection(ExtensibilityGlobals) = postSolution
		SolutionGuid = {F5477C86-9C9A-449C-8900-C533258E8131}
	EndGlobalSection
EndGlobal
